
Microsoft Visual Studio Solution File, Format Version 12.00
# Visual Studio Version 17
VisualStudioVersion = 17.9.34714.143
MinimumVisualStudioVersion = 10.0.40219.1
Project("{FAE04EC0-301F-11D3-BF4B-00C04F79EFBC}") = "SchoolLibrary", "SchoolLibrary\SchoolLibrary.csproj", "{8E0CC0E4-A981-4FF8-872B-B6E88C37D029}"
EndProject
Global
	GlobalSection(SolutionConfigurationPlatforms) = preSolution
		Debug|Any CPU = Debug|Any CPU
		Release|Any CPU = Release|Any CPU
	EndGlobalSection
	GlobalSection(ProjectConfigurationPlatforms) = postSolution
		{8E0CC0E4-A981-4FF8-872B-B6E88C37D029}.Debug|Any CPU.ActiveCfg = Debug|Any CPU
		{8E0CC0E4-A981-4FF8-872B-B6E88C37D029}.Debug|Any CPU.Build.0 = Debug|Any CPU
		{8E0CC0E4-A981-4FF8-872B-B6E88C37D029}.Release|Any CPU.ActiveCfg = Release|Any CPU
		{8E0CC0E4-A981-4FF8-872B-B6E88C37D029}.Release|Any CPU.Build.0 = Release|Any CPU
	EndGlobalSection
	GlobalSection(SolutionProperties) = preSolution
		HideSolutionNode = FALSE
	EndGlobalSection
	GlobalSection(ExtensibilityGlobals) = postSolution
		SolutionGuid = {9C1E59DB-E352-4B3B-A308-C514A45522DB}
	EndGlobalSection
EndGlobal
